
Microsoft Visual Studio Solution File, Format Version 12.00
# Visual Studio Version 17
VisualStudioVersion = 17.5.002.0
MinimumVisualStudioVersion = 10.0.40219.1
Project("{2150E333-8FDC-42A3-9474-1A3956D46DE8}") = "csharp-prep", "csharp-prep", "{17ABC1B1-59A3-4052-8EFB-68249004FEF6}"
EndProject
Project("{9A19103F-16F7-4668-BE54-9A1E7A4F7556}") = "Prep1", "csharp-prep\Prep1\Prep1.csproj", "{A0274AA8-13B8-427F-B2EC-A47B13EC0834}"
EndProject
Project("{9A19103F-16F7-4668-BE54-9A1E7A4F7556}") = "Prep2", "csharp-prep\Prep2\Prep2.csproj", "{10EBDF0F-2895-4571-96DD-F9507A431E33}"
EndProject
Project("{9A19103F-16F7-4668-BE54-9A1E7A4F7556}") = "Prep3", "csharp-prep\Prep3\Prep3.csproj", "{69B681FF-BDAD-4CEF-9CE8-DC69DB6D2D57}"
EndProject
Project("{9A19103F-16F7-4668-BE54-9A1E7A4F7556}") = "Prep4", "csharp-prep\Prep4\Prep4.csproj", "{3E07D8C4-9F7B-4B17-A9D0-DE2BEA091190}"
EndProject
Project("{9A19103F-16F7-4668-BE54-9A1E7A4F7556}") = "Prep5", "csharp-prep\Prep5\Prep5.csproj", "{4D7E9A84-5E74-4FDD-8A4A-3E8077D4BFE7}"
EndProject
Project("{2150E333-8FDC-42A3-9474-1A3956D46DE8}") = "final", "final", "{AA386CD1-936E-4196-9C35-093E178C73B0}"
EndProject
Project("{9A19103F-16F7-4668-BE54-9A1E7A4F7556}") = "FinalProject", "final\FinalProject\FinalProject.csproj", "{12BDB4BD-B32C-4EF7-BC13-39A059F4E5A2}"
EndProject
Project("{9A19103F-16F7-4668-BE54-9A1E7A4F7556}") = "Foundation1", "final\Foundation1\Foundation1.csproj", "{6D1E85E1-D489-44EE-ADBA-0D3DB772CBEF}"
EndProject
Project("{9A19103F-16F7-4668-BE54-9A1E7A4F7556}") = "Foundation2", "final\Foundation2\Foundation2.csproj", "{BCFE5E2D-0DAA-4700-BC49-787B6053043C}"
EndProject
Project("{9A19103F-16F7-4668-BE54-9A1E7A4F7556}") = "Foundation3", "final\Foundation3\Foundation3.csproj", "{9D3B79A6-92D4-49A9-9CD5-4A2433D02EC8}"
EndProject
Project("{9A19103F-16F7-4668-BE54-9A1E7A4F7556}") = "Foundation4", "final\Foundation4\Foundation4.csproj", "{90D01E8A-249E-4B93-84DF-53CD0145ABC5}"
EndProject
Project("{2150E333-8FDC-42A3-9474-1A3956D46DE8}") = "prepare", "prepare", "{B2F19347-B84A-49CF-89F6-FE249B6D97DD}"
EndProject
Project("{9A19103F-16F7-4668-BE54-9A1E7A4F7556}") = "Learning02", "prepare\Learning02\Learning02.csproj", "{0E4F696C-410E-408E-82BC-7CBFFFBB186A}"
EndProject
Project("{9A19103F-16F7-4668-BE54-9A1E7A4F7556}") = "Learning03", "prepare\Learning03\Learning03.csproj", "{10B8CF18-786F-429A-AE53-68E811CE6F60}"
EndProject
Project("{9A19103F-16F7-4668-BE54-9A1E7A4F7556}") = "Learning04", "prepare\Learning04\Learning04.csproj", "{A569ACFD-6726-4009-8B71-30C02D9DC768}"
EndProject
Project("{9A19103F-16F7-4668-BE54-9A1E7A4F7556}") = "Learning05", "prepare\Learning05\Learning05.csproj", "{7DD58C11-2AFF-424B-BABE-DA96911D6028}"
EndProject
Project("{2150E333-8FDC-42A3-9474-1A3956D46DE8}") = "prove", "prove", "{9EA68E88-0DDA-474E-9EE6-D05D74113A54}"
EndProject
Project("{9A19103F-16F7-4668-BE54-9A1E7A4F7556}") = "Develop02", "prove\Develop02\Develop02.csproj", "{2D09FD74-7D47-4000-A3C0-7A7444D81432}"
EndProject
Project("{9A19103F-16F7-4668-BE54-9A1E7A4F7556}") = "Develop03", "prove\Develop03\Develop03.csproj", "{0E8168BD-4E47-4DE8-B012-6FAAAE01F429}"
EndProject
Project("{9A19103F-16F7-4668-BE54-9A1E7A4F7556}") = "Develop04", "prove\Develop04\Develop04.csproj", "{4627F52C-DED3-4F3A-AF4C-9560335ED8B9}"
EndProject
Project("{9A19103F-16F7-4668-BE54-9A1E7A4F7556}") = "Develop05", "prove\Develop05\Develop05.csproj", "{349C1304-7D11-41F3-9665-3DEC93AA41BC}"
EndProject
Project("{2150E333-8FDC-42A3-9474-1A3956D46DE8}") = "sandbox", "sandbox", "{8A00FC95-3CDD-440A-A7D3-D8AAF805B610}"
EndProject
Project("{9A19103F-16F7-4668-BE54-9A1E7A4F7556}") = "Sandbox", "sandbox\Sandbox\Sandbox.csproj", "{BF483D64-7720-40F1-95FC-B0C5A81E3B13}"
EndProject
Global
	GlobalSection(SolutionConfigurationPlatforms) = preSolution
		Debug|Any CPU = Debug|Any CPU
		Release|Any CPU = Release|Any CPU
	EndGlobalSection
	GlobalSection(ProjectConfigurationPlatforms) = postSolution
		{A0274AA8-13B8-427F-B2EC-A47B13EC0834}.Debug|Any CPU.ActiveCfg = Debug|Any CPU
		{A0274AA8-13B8-427F-B2EC-A47B13EC0834}.Debug|Any CPU.Build.0 = Debug|Any CPU
		{A0274AA8-13B8-427F-B2EC-A47B13EC0834}.Release|Any CPU.ActiveCfg = Release|Any CPU
		{A0274AA8-13B8-427F-B2EC-A47B13EC0834}.Release|Any CPU.Build.0 = Release|Any CPU
		{10EBDF0F-2895-4571-96DD-F9507A431E33}.Debug|Any CPU.ActiveCfg = Debug|Any CPU
		{10EBDF0F-2895-4571-96DD-F9507A431E33}.Debug|Any CPU.Build.0 = Debug|Any CPU
		{10EBDF0F-2895-4571-96DD-F9507A431E33}.Release|Any CPU.ActiveCfg = Release|Any CPU
		{10EBDF0F-2895-4571-96DD-F9507A431E33}.Release|Any CPU.Build.0 = Release|Any CPU
		{69B681FF-BDAD-4CEF-9CE8-DC69DB6D2D57}.Debug|Any CPU.ActiveCfg = Debug|Any CPU
		{69B681FF-BDAD-4CEF-9CE8-DC69DB6D2D57}.Debug|Any CPU.Build.0 = Debug|Any CPU
		{69B681FF-BDAD-4CEF-9CE8-DC69DB6D2D57}.Release|Any CPU.ActiveCfg = Release|Any CPU
		{69B681FF-BDAD-4CEF-9CE8-DC69DB6D2D57}.Release|Any CPU.Build.0 = Release|Any CPU
		{3E07D8C4-9F7B-4B17-A9D0-DE2BEA091190}.Debug|Any CPU.ActiveCfg = Debug|Any CPU
		{3E07D8C4-9F7B-4B17-A9D0-DE2BEA091190}.Debug|Any CPU.Build.0 = Debug|Any CPU
		{3E07D8C4-9F7B-4B17-A9D0-DE2BEA091190}.Release|Any CPU.ActiveCfg = Release|Any CPU
		{3E07D8C4-9F7B-4B17-A9D0-DE2BEA091190}.Release|Any CPU.Build.0 = Release|Any CPU
		{4D7E9A84-5E74-4FDD-8A4A-3E8077D4BFE7}.Debug|Any CPU.ActiveCfg = Debug|Any CPU
		{4D7E9A84-5E74-4FDD-8A4A-3E8077D4BFE7}.Debug|Any CPU.Build.0 = Debug|Any CPU
		{4D7E9A84-5E74-4FDD-8A4A-3E8077D4BFE7}.Release|Any CPU.ActiveCfg = Release|Any CPU
		{4D7E9A84-5E74-4FDD-8A4A-3E8077D4BFE7}.Release|Any CPU.Build.0 = Release|Any CPU
		{12BDB4BD-B32C-4EF7-BC13-39A059F4E5A2}.Debug|Any CPU.ActiveCfg = Debug|Any CPU
		{12BDB4BD-B32C-4EF7-BC13-39A059F4E5A2}.Debug|Any CPU.Build.0 = Debug|Any CPU
		{12BDB4BD-B32C-4EF7-BC13-39A059F4E5A2}.Release|Any CPU.ActiveCfg = Release|Any CPU
		{12BDB4BD-B32C-4EF7-BC13-39A059F4E5A2}.Release|Any CPU.Build.0 = Release|Any CPU
		{6D1E85E1-D489-44EE-ADBA-0D3DB772CBEF}.Debug|Any CPU.ActiveCfg = Debug|Any CPU
		{6D1E85E1-D489-44EE-ADBA-0D3DB772CBEF}.Debug|Any CPU.Build.0 = Debug|Any CPU
		{6D1E85E1-D489-44EE-ADBA-0D3DB772CBEF}.Release|Any CPU.ActiveCfg = Release|Any CPU
		{6D1E85E1-D489-44EE-ADBA-0D3DB772CBEF}.Release|Any CPU.Build.0 = Release|Any CPU
		{BCFE5E2D-0DAA-4700-BC49-787B6053043C}.Debug|Any CPU.ActiveCfg = Debug|Any CPU
		{BCFE5E2D-0DAA-4700-BC49-787B6053043C}.Debug|Any CPU.Build.0 = Debug|Any CPU
		{BCFE5E2D-0DAA-4700-BC49-787B6053043C}.Release|Any CPU.ActiveCfg = Release|Any CPU
		{BCFE5E2D-0DAA-4700-BC49-787B6053043C}.Release|Any CPU.Build.0 = Release|Any CPU
		{9D3B79A6-92D4-49A9-9CD5-4A2433D02EC8}.Debug|Any CPU.ActiveCfg = Debug|Any CPU
		{9D3B79A6-92D4-49A9-9CD5-4A2433D02EC8}.Debug|Any CPU.Build.0 = Debug|Any CPU
		{9D3B79A6-92D4-49A9-9CD5-4A2433D02EC8}.Release|Any CPU.ActiveCfg = Release|Any CPU
		{9D3B79A6-92D4-49A9-9CD5-4A2433D02EC8}.Release|Any CPU.Build.0 = Release|Any CPU
		{90D01E8A-249E-4B93-84DF-53CD0145ABC5}.Debug|Any CPU.ActiveCfg = Debug|Any CPU
		{90D01E8A-249E-4B93-84DF-53CD0145ABC5}.Debug|Any CPU.Build.0 = Debug|Any CPU
		{90D01E8A-249E-4B93-84DF-53CD0145ABC5}.Release|Any CPU.ActiveCfg = Release|Any CPU
		{90D01E8A-249E-4B93-84DF-53CD0145ABC5}.Release|Any CPU.Build.0 = Release|Any CPU
		{0E4F696C-410E-408E-82BC-7CBFFFBB186A}.Debug|Any CPU.ActiveCfg = Debug|Any CPU
		{0E4F696C-410E-408E-82BC-7CBFFFBB186A}.Debug|Any CPU.Build.0 = Debug|Any CPU
		{0E4F696C-410E-408E-82BC-7CBFFFBB186A}.Release|Any CPU.ActiveCfg = Release|Any CPU
		{0E4F696C-410E-408E-82BC-7CBFFFBB186A}.Release|Any CPU.Build.0 = Release|Any CPU
		{10B8CF18-786F-429A-AE53-68E811CE6F60}.Debug|Any CPU.ActiveCfg = Debug|Any CPU
		{10B8CF18-786F-429A-AE53-68E811CE6F60}.Debug|Any CPU.Build.0 = Debug|Any CPU
		{10B8CF18-786F-429A-AE53-68E811CE6F60}.Release|Any CPU.ActiveCfg = Release|Any CPU
		{10B8CF18-786F-429A-AE53-68E811CE6F60}.Release|Any CPU.Build.0 = Release|Any CPU
		{A569ACFD-6726-4009-8B71-30C02D9DC768}.Debug|Any CPU.ActiveCfg = Debug|Any CPU
		{A569ACFD-6726-4009-8B71-30C02D9DC768}.Debug|Any CPU.Build.0 = Debug|Any CPU
		{A569ACFD-6726-4009-8B71-30C02D9DC768}.Release|Any CPU.ActiveCfg = Release|Any CPU
		{A569ACFD-6726-4009-8B71-30C02D9DC768}.Release|Any CPU.Build.0 = Release|Any CPU
		{7DD58C11-2AFF-424B-BABE-DA96911D6028}.Debug|Any CPU.ActiveCfg = Debug|Any CPU
		{7DD58C11-2AFF-424B-BABE-DA96911D6028}.Debug|Any CPU.Build.0 = Debug|Any CPU
		{7DD58C11-2AFF-424B-BABE-DA96911D6028}.Release|Any CPU.ActiveCfg = Release|Any CPU
		{7DD58C11-2AFF-424B-BABE-DA96911D6028}.Release|Any CPU.Build.0 = Release|Any CPU
		{2D09FD74-7D47-4000-A3C0-7A7444D81432}.Debug|Any CPU.ActiveCfg = Debug|Any CPU
		{2D09FD74-7D47-4000-A3C0-7A7444D81432}.Debug|Any CPU.Build.0 = Debug|Any CPU
		{2D09FD74-7D47-4000-A3C0-7A7444D81432}.Release|Any CPU.ActiveCfg = Release|Any CPU
		{2D09FD74-7D47-4000-A3C0-7A7444D81432}.Release|Any CPU.Build.0 = Release|Any CPU
		{0E8168BD-4E47-4DE8-B012-6FAAAE01F429}.Debug|Any CPU.ActiveCfg = Debug|Any CPU
		{0E8168BD-4E47-4DE8-B012-6FAAAE01F429}.Debug|Any CPU.Build.0 = Debug|Any CPU
		{0E8168BD-4E47-4DE8-B012-6FAAAE01F429}.Release|Any CPU.ActiveCfg = Release|Any CPU
		{0E8168BD-4E47-4DE8-B012-6FAAAE01F429}.Release|Any CPU.Build.0 = Release|Any CPU
		{4627F52C-DED3-4F3A-AF4C-9560335ED8B9}.Debug|Any CPU.ActiveCfg = Debug|Any CPU
		{4627F52C-DED3-4F3A-AF4C-9560335ED8B9}.Debug|Any CPU.Build.0 = Debug|Any CPU
		{4627F52C-DED3-4F3A-AF4C-9560335ED8B9}.Release|Any CPU.ActiveCfg = Release|Any CPU
		{4627F52C-DED3-4F3A-AF4C-9560335ED8B9}.Release|Any CPU.Build.0 = Release|Any CPU
		{349C1304-7D11-41F3-9665-3DEC93AA41BC}.Debug|Any CPU.ActiveCfg = Debug|Any CPU
		{349C1304-7D11-41F3-9665-3DEC93AA41BC}.Debug|Any CPU.Build.0 = Debug|Any CPU
		{349C1304-7D11-41F3-9665-3DEC93AA41BC}.Release|Any CPU.ActiveCfg = Release|Any CPU
		{349C1304-7D11-41F3-9665-3DEC93AA41BC}.Release|Any CPU.Build.0 = Release|Any CPU
		{BF483D64-7720-40F1-95FC-B0C5A81E3B13}.Debug|Any CPU.ActiveCfg = Debug|Any CPU
		{BF483D64-7720-40F1-95FC-B0C5A81E3B13}.Debug|Any CPU.Build.0 = Debug|Any CPU
		{BF483D64-7720-40F1-95FC-B0C5A81E3B13}.Release|Any CPU.ActiveCfg = Release|Any CPU
		{BF483D64-7720-40F1-95FC-B0C5A81E3B13}.Release|Any CPU.Build.0 = Release|Any CPU
	EndGlobalSection
	GlobalSection(SolutionProperties) = preSolution
		HideSolutionNode = FALSE
	EndGlobalSection
	GlobalSection(NestedProjects) = preSolution
		{A0274AA8-13B8-427F-B2EC-A47B13EC0834} = {17ABC1B1-59A3-4052-8EFB-68249004FEF6}
		{10EBDF0F-2895-4571-96DD-F9507A431E33} = {17ABC1B1-59A3-4052-8EFB-68249004FEF6}
		{69B681FF-BDAD-4CEF-9CE8-DC69DB6D2D57} = {17ABC1B1-59A3-4052-8EFB-68249004FEF6}
		{3E07D8C4-9F7B-4B17-A9D0-DE2BEA091190} = {17ABC1B1-59A3-4052-8EFB-68249004FEF6}
		{4D7E9A84-5E74-4FDD-8A4A-3E8077D4BFE7} = {17ABC1B1-59A3-4052-8EFB-68249004FEF6}
		{12BDB4BD-B32C-4EF7-BC13-39A059F4E5A2} = {AA386CD1-936E-4196-9C35-093E178C73B0}
		{6D1E85E1-D489-44EE-ADBA-0D3DB772CBEF} = {AA386CD1-936E-4196-9C35-093E178C73B0}
		{BCFE5E2D-0DAA-4700-BC49-787B6053043C} = {AA386CD1-936E-4196-9C35-093E178C73B0}
		{9D3B79A6-92D4-49A9-9CD5-4A2433D02EC8} = {AA386CD1-936E-4196-9C35-093E178C73B0}
		{90D01E8A-249E-4B93-84DF-53CD0145ABC5} = {AA386CD1-936E-4196-9C35-093E178C73B0}
		{0E4F696C-410E-408E-82BC-7CBFFFBB186A} = {B2F19347-B84A-49CF-89F6-FE249B6D97DD}
		{10B8CF18-786F-429A-AE53-68E811CE6F60} = {B2F19347-B84A-49CF-89F6-FE249B6D97DD}
		{A569ACFD-6726-4009-8B71-30C02D9DC768} = {B2F19347-B84A-49CF-89F6-FE249B6D97DD}
		{7DD58C11-2AFF-424B-BABE-DA96911D6028} = {B2F19347-B84A-49CF-89F6-FE249B6D97DD}
		{2D09FD74-7D47-4000-A3C0-7A7444D81432} = {9EA68E88-0DDA-474E-9EE6-D05D74113A54}
		{0E8168BD-4E47-4DE8-B012-6FAAAE01F429} = {9EA68E88-0DDA-474E-9EE6-D05D74113A54}
		{4627F52C-DED3-4F3A-AF4C-9560335ED8B9} = {9EA68E88-0DDA-474E-9EE6-D05D74113A54}
		{349C1304-7D11-41F3-9665-3DEC93AA41BC} = {9EA68E88-0DDA-474E-9EE6-D05D74113A54}
		{BF483D64-7720-40F1-95FC-B0C5A81E3B13} = {8A00FC95-3CDD-440A-A7D3-D8AAF805B610}
	EndGlobalSection
	GlobalSection(ExtensibilityGlobals) = postSolution
		SolutionGuid = {F6FD238B-D217-4FED-9D16-BB91C54F6EFE}
	EndGlobalSection
EndGlobal
